{
  "nodes": {
    "blocklist": {
      "flake": false,
      "locked": {
        "dir": "alternates/gambling-porn",
        "lastModified": 1718832246,
        "narHash": "sha256-MfQGu+Y4/A0GKIu9d//U+yiP0fN/7cWhEo2dut4UvcE=",
        "owner": "StevenBlack",
        "repo": "hosts",
        "rev": "560c37e5ae2b82008ea568d75e63b93a14a0b8a6",
        "type": "github"
      },
      "original": {
        "dir": "alternates/gambling-porn",
        "owner": "StevenBlack",
        "repo": "hosts",
        "type": "github"
      }
    },
    "faerber": {
      "inputs": {
        "flake-utils": "flake-utils",
        "nixpkgs": "nixpkgs",
        "pre-commit-hooks": "pre-commit-hooks"
      },
      "locked": {
        "lastModified": 1681367229,
        "narHash": "sha256-7yA+RgCgD0soxKQVX51fId2tcQQQ4FjlvcTU98MBi6k=",
        "owner": "nekowinston",
        "repo": "faerber",
        "rev": "58c83d6e2a08224b7cf5d0acd6534fa3ff58a9da",
        "type": "github"
      },
      "original": {
        "owner": "nekowinston",
        "repo": "faerber",
        "type": "github"
      }
    },
    "fenix": {
      "inputs": {
        "nixpkgs": [
          "nixpkgs"
        ],
        "rust-analyzer-src": "rust-analyzer-src"
      },
      "locked": {
        "lastModified": 1717827974,
        "narHash": "sha256-ixopuTeTouxqTxfMuzs6IaRttbT8JqRW5C9Q/57WxQw=",
        "owner": "nix-community",
        "repo": "fenix",
        "rev": "ab655c627777ab5f9964652fe23bbb1dfbd687a8",
        "type": "github"
      },
      "original": {
        "owner": "nix-community",
        "repo": "fenix",
        "type": "github"
      }
    },
    "firefox-addons": {
      "inputs": {
        "flake-utils": "flake-utils_3",
        "nixpkgs": [
          "nixpkgs"
        ]
      },
      "locked": {
        "dir": "pkgs/firefox-addons",
        "lastModified": 1718867615,
        "narHash": "sha256-ijBhGG+9MfxqIk0hWk4CGTNvk9PcTFJZfZCHoBI9ecI=",
        "owner": "rycee",
        "repo": "nur-expressions",
        "rev": "3ce9dae224e8750e0d05b7dd3101fea61004e475",
        "type": "gitlab"
      },
      "original": {
        "dir": "pkgs/firefox-addons",
        "owner": "rycee",
        "repo": "nur-expressions",
        "type": "gitlab"
      }
    },
    "flake-compat": {
      "flake": false,
      "locked": {
        "lastModified": 1673956053,
        "narHash": "sha256-4gtG9iQuiKITOjNQQeQIpoIB6b16fm+504Ch3sNKLd8=",
        "owner": "edolstra",
        "repo": "flake-compat",
        "rev": "35bb57c0c8d8b62bbfd284272c928ceb64ddbde9",
        "type": "github"
      },
      "original": {
        "owner": "edolstra",
        "repo": "flake-compat",
        "type": "github"
      }
    },
    "flake-compat_2": {
      "flake": false,
      "locked": {
        "lastModified": 1696426674,
        "narHash": "sha256-kvjfFW7WAETZlt09AgDn1MrtKzP7t90Vf7vypd3OL1U=",
        "owner": "edolstra",
        "repo": "flake-compat",
        "rev": "0f9255e01c2351cc7d116c072cb317785dd33b33",
        "type": "github"
      },
      "original": {
        "owner": "edolstra",
        "repo": "flake-compat",
        "type": "github"
      }
    },
    "flake-utils": {
      "locked": {
        "lastModified": 1676283394,
        "narHash": "sha256-XX2f9c3iySLCw54rJ/CZs+ZK6IQy7GXNY4nSOyu2QG4=",
        "owner": "numtide",
        "repo": "flake-utils",
        "rev": "3db36a8b464d0c4532ba1c7dda728f4576d6d073",
        "type": "github"
      },
      "original": {
        "owner": "numtide",
        "repo": "flake-utils",
        "type": "github"
      }
    },
    "flake-utils_2": {
      "locked": {
        "lastModified": 1667395993,
        "narHash": "sha256-nuEHfE/LcWyuSWnS8t12N1wc105Qtau+/OdUAjtQ0rA=",
        "owner": "numtide",
        "repo": "flake-utils",
        "rev": "5aed5285a952e0b949eb3ba02c12fa4fcfef535f",
        "type": "github"
      },
      "original": {
        "owner": "numtide",
        "repo": "flake-utils",
        "type": "github"
      }
    },
    "flake-utils_3": {
      "locked": {
        "lastModified": 1629284811,
        "narHash": "sha256-JHgasjPR0/J1J3DRm4KxM4zTyAj4IOJY8vIl75v/kPI=",
        "owner": "numtide",
        "repo": "flake-utils",
        "rev": "c5d161cc0af116a2e17f54316f0bf43f0819785c",
        "type": "github"
      },
      "original": {
        "owner": "numtide",
        "repo": "flake-utils",
        "type": "github"
      }
    },
    "flake-utils_4": {
      "inputs": {
        "systems": "systems"
      },
      "locked": {
        "lastModified": 1710146030,
        "narHash": "sha256-SZ5L6eA7HJ/nmkzGG7/ISclqe6oZdOZTNoesiInkXPQ=",
        "owner": "numtide",
        "repo": "flake-utils",
        "rev": "b1d9ab70662946ef0850d488da1c9019f3a9752a",
        "type": "github"
      },
      "original": {
        "owner": "numtide",
        "repo": "flake-utils",
        "type": "github"
      }
    },
    "flake-utils_5": {
      "inputs": {
        "systems": "systems_2"
      },
      "locked": {
        "lastModified": 1705309234,
        "narHash": "sha256-uNRRNRKmJyCRC/8y1RqBkqWBLM034y4qN7EprSdmgyA=",
        "owner": "numtide",
        "repo": "flake-utils",
        "rev": "1ef2e671c3b0c19053962c07dbda38332dcebf26",
        "type": "github"
      },
      "original": {
        "owner": "numtide",
        "repo": "flake-utils",
        "type": "github"
      }
    },
    "flake-utils_6": {
      "inputs": {
        "systems": "systems_3"
      },
      "locked": {
        "lastModified": 1710146030,
        "narHash": "sha256-SZ5L6eA7HJ/nmkzGG7/ISclqe6oZdOZTNoesiInkXPQ=",
        "owner": "numtide",
        "repo": "flake-utils",
        "rev": "b1d9ab70662946ef0850d488da1c9019f3a9752a",
        "type": "github"
      },
      "original": {
        "owner": "numtide",
        "repo": "flake-utils",
        "type": "github"
      }
    },
    "flakey-profile": {
      "locked": {
        "lastModified": 1712898590,
        "narHash": "sha256-FhGIEU93VHAChKEXx905TSiPZKga69bWl1VB37FK//I=",
        "owner": "lf-",
        "repo": "flakey-profile",
        "rev": "243c903fd8eadc0f63d205665a92d4df91d42d9d",
        "type": "github"
      },
      "original": {
        "owner": "lf-",
        "repo": "flakey-profile",
        "type": "github"
      }
    },
    "gitignore": {
      "inputs": {
        "nixpkgs": [
          "faerber",
          "pre-commit-hooks",
          "nixpkgs"
        ]
      },
      "locked": {
        "lastModified": 1660459072,
        "narHash": "sha256-8DFJjXG8zqoONA1vXtgeKXy68KdJL5UaXR8NtVMUbx8=",
        "owner": "hercules-ci",
        "repo": "gitignore.nix",
        "rev": "a20de23b925fd8264fd7fad6454652e142fd7f73",
        "type": "github"
      },
      "original": {
        "owner": "hercules-ci",
        "repo": "gitignore.nix",
        "type": "github"
      }
    },
    "haumea": {
      "inputs": {
        "nixpkgs": [
          "nixpkgs"
        ]
      },
      "locked": {
        "lastModified": 1685133229,
        "narHash": "sha256-FePm/Gi9PBSNwiDFq3N+DWdfxFq0UKsVVTJS3cQPn94=",
        "owner": "nix-community",
        "repo": "haumea",
        "rev": "34dd58385092a23018748b50f9b23de6266dffc2",
        "type": "github"
      },
      "original": {
        "owner": "nix-community",
        "ref": "v0.2.2",
        "repo": "haumea",
        "type": "github"
      }
    },
    "home-manager": {
      "inputs": {
        "nixpkgs": [
          "nixpkgs"
        ]
      },
      "locked": {
        "lastModified": 1718788307,
        "narHash": "sha256-SqiOz0sljM0GjyQEVinPXQxaGcbOXw5OgpCWGPgh/vo=",
        "owner": "nix-community",
        "repo": "home-manager",
        "rev": "d7830d05421d0ced83a0f007900898bdcaf2a2ca",
        "type": "github"
      },
      "original": {
        "owner": "nix-community",
        "ref": "master",
        "repo": "home-manager",
        "type": "github"
      }
    },
    "home-manager-stable": {
      "inputs": {
        "nixpkgs": [
          "nixpkgs-stable"
        ]
      },
      "locked": {
        "lastModified": 1718530513,
        "narHash": "sha256-BmO8d0r+BVlwWtMLQEYnwmngqdXIuyFzMwvmTcLMee8=",
        "owner": "nix-community",
        "repo": "home-manager",
        "rev": "a1fddf0967c33754271761d91a3d921772b30d0e",
        "type": "github"
      },
      "original": {
        "owner": "nix-community",
        "ref": "release-24.05",
        "repo": "home-manager",
        "type": "github"
      }
    },
    "impermanence": {
      "locked": {
        "lastModified": 1717932370,
        "narHash": "sha256-7C5lCpiWiyPoIACOcu2mukn/1JRtz6HC/1aEMhUdcw0=",
        "owner": "nix-community",
        "repo": "impermanence",
        "rev": "27979f1c3a0d3b9617a3563e2839114ba7d48d3f",
        "type": "github"
      },
      "original": {
        "owner": "nix-community",
        "repo": "impermanence",
        "type": "github"
      }
    },
    "lix": {
      "flake": false,
      "locked": {
        "lastModified": 1718419213,
        "narHash": "sha256-WY7BGnu5PnbK4O8cKKv9kvxwzZIGbIQUQLGPHFXitI0=",
        "ref": "refs/tags/2.90.0-rc1",
        "rev": "253546d5fbf8a5aa60ac8164c1b4f5794dc4e9d1",
        "revCount": 15780,
        "type": "git",
        "url": "https://git@git.lix.systems/lix-project/lix"
      },
      "original": {
        "ref": "refs/tags/2.90.0-rc1",
        "type": "git",
        "url": "https://git@git.lix.systems/lix-project/lix"
      }
    },
    "lix-module": {
      "inputs": {
        "flake-utils": "flake-utils_4",
        "flakey-profile": "flakey-profile",
        "lix": [
          "lix"
        ],
        "nixpkgs": [
          "nixpkgs"
        ]
      },
      "locked": {
        "lastModified": 1718778751,
        "narHash": "sha256-DdcMvX9r29uHMlz7P1Shgs5xZw9WkZ4ObMGYzwROAiw=",
        "ref": "refs/heads/main",
        "rev": "909e593ae9f5fe338ab19b4ed9d52bb0ea09bad8",
        "revCount": 90,
        "type": "git",
        "url": "https://git.lix.systems/lix-project/nixos-module"
      },
      "original": {
        "type": "git",
        "url": "https://git.lix.systems/lix-project/nixos-module"
      }
    },
    "mint": {
      "inputs": {
        "nixpkgs": "nixpkgs_2",
        "rust-overlay": "rust-overlay"
      },
      "locked": {
        "lastModified": 1718590547,
        "narHash": "sha256-pRYcDWhW2WXoDJ6U4QtcErD6k39DTUbB4EWU9GxnavQ=",
        "owner": "trumank",
        "repo": "mint",
        "rev": "64d4aa72a14fd44ebbb20e5d8ae1eefd1f30a5fd",
        "type": "github"
      },
      "original": {
        "owner": "trumank",
        "repo": "mint",
        "type": "github"
      }
    },
    "nix-index-database": {
      "inputs": {
        "nixpkgs": [
          "nixpkgs"
        ]
      },
      "locked": {
        "lastModified": 1718507237,
        "narHash": "sha256-xBEWCxWeRpWQggFFp8ugJCDa63cOJsVvx71R9F0Eowg=",
        "owner": "nix-community",
        "repo": "nix-index-database",
        "rev": "6af2c5e58c20311276f59d247341cafeebfcb6f4",
        "type": "github"
      },
      "original": {
        "owner": "nix-community",
        "repo": "nix-index-database",
        "type": "github"
      }
    },
    "nix-matlab": {
      "inputs": {
        "flake-compat": "flake-compat_2",
        "nixpkgs": [
          "nixpkgs"
        ]
      },
      "locked": {
        "lastModified": 1718895696,
        "narHash": "sha256-Dl+cU3arQoO28W6fIKFlY3dNNn+cESFOlbaqdyVq3O8=",
        "owner": "doronbehar",
        "repo": "nix-matlab",
        "rev": "2e049d00edd4dbf71b92326dd94f593a91e35db7",
        "type": "gitlab"
      },
      "original": {
        "owner": "doronbehar",
        "repo": "nix-matlab",
        "type": "gitlab"
      }
    },
    "nixCats": {
      "inputs": {
        "flake-utils": [
          "nvim-cats",
          "flake-utils"
        ],
        "nixpkgs": [
          "nvim-cats",
          "nixpkgs"
        ],
        "plugins-hlargs": "plugins-hlargs",
        "plugins-nvim-nio": "plugins-nvim-nio"
      },
      "locked": {
        "lastModified": 1716706574,
        "narHash": "sha256-0lJACEmiuu0X57apPbvhHAncr3jb67zJ8HIJK3IqoA0=",
        "owner": "BirdeeHub",
        "repo": "nixCats-nvim",
        "rev": "47a24db0dbf4b0f021323eacb0195197a26030bc",
        "type": "github"
      },
      "original": {
        "owner": "BirdeeHub",
        "repo": "nixCats-nvim",
        "type": "github"
      }
    },
    "nixlib": {
      "locked": {
        "lastModified": 1712450863,
        "narHash": "sha256-K6IkdtMtq9xktmYPj0uaYc8NsIqHuaAoRBaMgu9Fvrw=",
        "owner": "nix-community",
        "repo": "nixpkgs.lib",
        "rev": "3c62b6a12571c9a7f65ab037173ee153d539905f",
        "type": "github"
      },
      "original": {
        "owner": "nix-community",
        "repo": "nixpkgs.lib",
        "type": "github"
      }
    },
    "nixos-generators": {
      "inputs": {
        "nixlib": "nixlib",
        "nixpkgs": [
          "nixpkgs"
        ]
      },
      "locked": {
        "lastModified": 1718025593,
        "narHash": "sha256-WZ1gdKq/9u1Ns/oXuNsDm+W0salonVA0VY1amw8urJ4=",
        "owner": "nix-community",
        "repo": "nixos-generators",
        "rev": "35c20ba421dfa5059e20e0ef2343c875372bdcf3",
        "type": "github"
      },
      "original": {
        "owner": "nix-community",
        "repo": "nixos-generators",
        "type": "github"
      }
    },
    "nixpkgs": {
      "locked": {
        "lastModified": 1677342105,
        "narHash": "sha256-kv1fpkfCJGb0M+LZaCHFUuIS9kRIwyVgupHu86Y28nc=",
        "owner": "NixOS",
        "repo": "nixpkgs",
        "rev": "b1f87ca164a9684404c8829b851c3586c4d9f089",
        "type": "github"
      },
      "original": {
        "owner": "NixOS",
        "ref": "nixos-unstable",
        "repo": "nixpkgs",
        "type": "github"
      }
    },
    "nixpkgs-stable": {
      "locked": {
        "lastModified": 1673800717,
        "narHash": "sha256-SFHraUqLSu5cC6IxTprex/nTsI81ZQAtDvlBvGDWfnA=",
        "owner": "NixOS",
        "repo": "nixpkgs",
        "rev": "2f9fd351ec37f5d479556cd48be4ca340da59b8f",
        "type": "github"
      },
      "original": {
        "owner": "NixOS",
        "ref": "nixos-22.11",
        "repo": "nixpkgs",
        "type": "github"
      }
    },
    "nixpkgs-stable_2": {
      "locked": {
        "lastModified": 1718717462,
        "narHash": "sha256-qddfQLMaWR2gxfEzUM/zFZVK6H1kTv9WBQSBQxbP3MU=",
        "owner": "nixos",
        "repo": "nixpkgs",
        "rev": "938aa157bbd6e3c6fd7dcb77998b1f92c2ad1631",
        "type": "github"
      },
      "original": {
        "owner": "nixos",
        "ref": "nixos-24.05",
        "repo": "nixpkgs",
        "type": "github"
      }
    },
    "nixpkgs-stable_3": {
      "locked": {
        "lastModified": 1718478900,
        "narHash": "sha256-v43N1gZLcGkhg3PdcrKUNIZ1L0FBzB2JqhIYEyKAHEs=",
        "owner": "NixOS",
        "repo": "nixpkgs",
        "rev": "c884223af91820615a6146af1ae1fea25c107005",
        "type": "github"
      },
      "original": {
        "owner": "NixOS",
        "ref": "release-23.11",
        "repo": "nixpkgs",
        "type": "github"
      }
    },
    "nixpkgs-unstable": {
      "locked": {
        "lastModified": 1718714799,
        "narHash": "sha256-FUZpz9rg3gL8NVPKbqU8ei1VkPLsTIfAJ2fdAf5qjak=",
        "owner": "nixos",
        "repo": "nixpkgs",
        "rev": "c00d587b1a1afbf200b1d8f0b0e4ba9deb1c7f0e",
        "type": "github"
      },
      "original": {
        "owner": "nixos",
        "ref": "nixos-unstable",
        "repo": "nixpkgs",
        "type": "github"
      }
    },
    "nixpkgs_2": {
      "locked": {
        "lastModified": 1711715736,
        "narHash": "sha256-9slQ609YqT9bT/MNX9+5k5jltL9zgpn36DpFB7TkttM=",
        "owner": "nixos",
        "repo": "nixpkgs",
        "rev": "807c549feabce7eddbf259dbdcec9e0600a0660d",
        "type": "github"
      },
      "original": {
        "owner": "nixos",
        "ref": "nixpkgs-unstable",
        "repo": "nixpkgs",
        "type": "github"
      }
    },
    "nixpkgs_3": {
      "locked": {
        "lastModified": 1706487304,
        "narHash": "sha256-LE8lVX28MV2jWJsidW13D2qrHU/RUUONendL2Q/WlJg=",
        "owner": "NixOS",
        "repo": "nixpkgs",
        "rev": "90f456026d284c22b3e3497be980b2e47d0b28ac",
        "type": "github"
      },
      "original": {
        "owner": "NixOS",
        "ref": "nixpkgs-unstable",
        "repo": "nixpkgs",
        "type": "github"
      }
    },
    "nixpkgs_4": {
      "locked": {
        "lastModified": 1718714799,
        "narHash": "sha256-FUZpz9rg3gL8NVPKbqU8ei1VkPLsTIfAJ2fdAf5qjak=",
        "owner": "nixos",
        "repo": "nixpkgs",
        "rev": "c00d587b1a1afbf200b1d8f0b0e4ba9deb1c7f0e",
        "type": "github"
      },
      "original": {
        "owner": "nixos",
        "ref": "nixos-unstable",
        "repo": "nixpkgs",
        "type": "github"
      }
    },
    "nixpkgs_5": {
      "locked": {
        "lastModified": 1718276985,
        "narHash": "sha256-u1fA0DYQYdeG+5kDm1bOoGcHtX0rtC7qs2YA2N1X++I=",
        "owner": "NixOS",
        "repo": "nixpkgs",
        "rev": "3f84a279f1a6290ce154c5531378acc827836fbb",
        "type": "github"
      },
      "original": {
        "owner": "NixOS",
        "ref": "nixpkgs-unstable",
        "repo": "nixpkgs",
        "type": "github"
      }
    },
    "nvim-cats": {
      "inputs": {
        "flake-utils": "flake-utils_6",
        "nixCats": "nixCats",
        "nixpkgs": [
          "nixpkgs"
        ],
        "plugins-accelerated-jk-nvim": "plugins-accelerated-jk-nvim",
        "plugins-cmp-luasnip-choice": "plugins-cmp-luasnip-choice",
        "plugins-cutlass-nvim": "plugins-cutlass-nvim",
        "plugins-fold-cycle-nvim": "plugins-fold-cycle-nvim",
        "plugins-heirline-components-nvim": "plugins-heirline-components-nvim",
        "plugins-luasnip-snippets": "plugins-luasnip-snippets",
        "plugins-mini-animate": "plugins-mini-animate",
        "plugins-mini-hipatterns": "plugins-mini-hipatterns",
        "plugins-mini-surround": "plugins-mini-surround",
        "plugins-scrollEOF-nvim": "plugins-scrollEOF-nvim",
        "plugins-telescope-egrepify-nvim": "plugins-telescope-egrepify-nvim",
        "treesitter-kanata": "treesitter-kanata"
      },
      "locked": {
        "lastModified": 1718237358,
        "narHash": "sha256-AbwwqdacE+yBdthpEijAF4fcaDr0qSkI2QsvHHCkENs=",
        "owner": "DarkKronicle",
        "repo": "nvim-dotfiles",
        "rev": "4c6706eb3c208766e9712ffca6bfc52034b7f01d",
        "type": "github"
      },
      "original": {
        "owner": "DarkKronicle",
        "repo": "nvim-dotfiles",
        "type": "github"
      }
    },
    "persist-retro": {
      "locked": {
        "lastModified": 1709936804,
        "narHash": "sha256-PXLha5hQLAFasIkSO4HJn9/pUbpXo8dtUKuXYYHsh6Y=",
        "owner": "Geometer1729",
        "repo": "persist-retro",
        "rev": "28b016825449dc3f893e0515abfed418baed011f",
        "type": "github"
      },
      "original": {
        "owner": "Geometer1729",
        "repo": "persist-retro",
        "type": "github"
      }
    },
    "plasma-manager": {
      "inputs": {
        "home-manager": [
          "home-manager"
        ],
        "nixpkgs": [
          "nixpkgs"
        ]
      },
      "locked": {
        "lastModified": 1718901599,
        "narHash": "sha256-wuEp84OMKToXLwTajvmOdYan9xJVKt+U7PDPqxbmOaU=",
        "owner": "pjones",
        "repo": "plasma-manager",
        "rev": "ef64e5da3b01ed10d995ff90a5d14da706f602ab",
        "type": "github"
      },
      "original": {
        "owner": "pjones",
        "repo": "plasma-manager",
        "type": "github"
      }
    },
    "plugins-accelerated-jk-nvim": {
      "flake": false,
      "locked": {
        "lastModified": 1677680961,
        "narHash": "sha256-zpjqCARlQU6g50s8wpaqN9xFK4tdUbrxU6MJrQZfSA8=",
        "owner": "rainbowhxch",
        "repo": "accelerated-jk.nvim",
        "rev": "8fb5dad4ccc1811766cebf16b544038aeeb7806f",
        "type": "github"
      },
      "original": {
        "owner": "rainbowhxch",
        "repo": "accelerated-jk.nvim",
        "type": "github"
      }
    },
    "plugins-cmp-luasnip-choice": {
      "flake": false,
      "locked": {
        "lastModified": 1668870200,
        "narHash": "sha256-GBQpalj0mUGumrEYOSN4glGqZECiKhTSkeAnIaTSALc=",
        "owner": "doxnit",
        "repo": "cmp-luasnip-choice",
        "rev": "97a367851bc17984b56164b5427a53919aed873a",
        "type": "github"
      },
      "original": {
        "owner": "doxnit",
        "repo": "cmp-luasnip-choice",
        "type": "github"
      }
    },
    "plugins-cutlass-nvim": {
      "flake": false,
      "locked": {
        "lastModified": 1702908963,
        "narHash": "sha256-zmS/JlcGW8hLWla01F2z9QMfnIYvWr5BkPCoZqzsAFw=",
        "owner": "gbprod",
        "repo": "cutlass.nvim",
        "rev": "1ac7e4b53d79410be52a9e464d44c60556282b3e",
        "type": "github"
      },
      "original": {
        "owner": "gbprod",
        "repo": "cutlass.nvim",
        "type": "github"
      }
    },
    "plugins-fold-cycle-nvim": {
      "flake": false,
      "locked": {
        "lastModified": 1716071921,
        "narHash": "sha256-vlRKOX51X41DF3zljOtn80DpAzy9J3GMMbLaP5ApjKk=",
        "owner": "jghauser",
        "repo": "fold-cycle.nvim",
        "rev": "20e9b468b771ebf33b6806a0e872eee53c5a20c9",
        "type": "github"
      },
      "original": {
        "owner": "jghauser",
        "repo": "fold-cycle.nvim",
        "type": "github"
      }
    },
    "plugins-heirline-components-nvim": {
      "flake": false,
      "locked": {
        "lastModified": 1718033601,
        "narHash": "sha256-A011O6AST9gGf+whb5l7uPrFAoeSDB+0g5qZrol0N5Y=",
        "owner": "Zeioth",
        "repo": "heirline-components.nvim",
        "rev": "6449db65d91358469316097c82a197b2b5b37713",
        "type": "github"
      },
      "original": {
        "owner": "Zeioth",
        "repo": "heirline-components.nvim",
        "type": "github"
      }
    },
    "plugins-hlargs": {
      "flake": false,
      "locked": {
        "lastModified": 1716054457,
        "narHash": "sha256-V3XG1SCBz+EvObW7JSNIUxGZLv6zoRXyap7nRETmUA8=",
        "owner": "m-demare",
        "repo": "hlargs.nvim",
        "rev": "30fe1b3de2b7614f061be4fc9c71984a2b87e50a",
        "type": "github"
      },
      "original": {
        "owner": "m-demare",
        "repo": "hlargs.nvim",
        "type": "github"
      }
    },
    "plugins-luasnip-snippets": {
      "flake": false,
      "locked": {
        "lastModified": 1712410416,
        "narHash": "sha256-S1F3asSzfmKLcL0f+8G080b3Kr8cwqiZC3hdU/zXgWM=",
        "owner": "mireq",
        "repo": "luasnip-snippets",
        "rev": "731fc02d4b2e30ef0fddd345f9cad5f261479b7c",
        "type": "github"
      },
      "original": {
        "owner": "mireq",
        "repo": "luasnip-snippets",
        "type": "github"
      }
    },
    "plugins-mini-animate": {
      "flake": false,
      "locked": {
        "lastModified": 1716646028,
        "narHash": "sha256-4IoaQvn+CTeVL2HRcCLFBa4B/tuB9Cz3dE2ieOLVvqw=",
        "owner": "echasnovski",
        "repo": "mini.animate",
        "rev": "0a35f6db55cfac04a0999abe3465f7b692dc56a7",
        "type": "github"
      },
      "original": {
        "owner": "echasnovski",
        "repo": "mini.animate",
        "type": "github"
      }
    },
    "plugins-mini-hipatterns": {
      "flake": false,
      "locked": {
        "lastModified": 1716646031,
        "narHash": "sha256-n/nCrfi2VhaJL4eKqlfVfjtjqWzABtcdwmShzgHt+80=",
        "owner": "echasnovski",
        "repo": "mini.hipatterns",
        "rev": "427712c754bfdccd8da7073576cd8e2586c0fe93",
        "type": "github"
      },
      "original": {
        "owner": "echasnovski",
        "repo": "mini.hipatterns",
        "type": "github"
      }
    },
    "plugins-mini-surround": {
      "flake": false,
      "locked": {
        "lastModified": 1716646033,
        "narHash": "sha256-iEx5sfAyfEHvV/SQMd9CPwxoZOyZ8oz1B4X0frSicTY=",
        "owner": "echasnovski",
        "repo": "mini.surround",
        "rev": "27096c1a27324ee8f2044ea2adc77366d8a782de",
        "type": "github"
      },
      "original": {
        "owner": "echasnovski",
        "repo": "mini.surround",
        "type": "github"
      }
    },
    "plugins-nvim-nio": {
      "flake": false,
      "locked": {
        "lastModified": 1716391538,
        "narHash": "sha256-UffuTu7mF96LHk0MQRNrsgDyo1QWa/1i5eJKjZkuG8k=",
        "owner": "nvim-neotest",
        "repo": "nvim-nio",
        "rev": "632024157d01e8bc48fd7df6a7de8ffe3fdd4f3a",
        "type": "github"
      },
      "original": {
        "owner": "nvim-neotest",
        "repo": "nvim-nio",
        "type": "github"
      }
    },
    "plugins-scrollEOF-nvim": {
      "flake": false,
      "locked": {
        "lastModified": 1710122089,
        "narHash": "sha256-n36L6mtayKtXI/orwf0B72sFpgAKZ0HU4vv2UxKexvU=",
        "owner": "Aasim-A",
        "repo": "scrollEOF.nvim",
        "rev": "38fd5880021e90c15dc61fa325f714bd8077f0a6",
        "type": "github"
      },
      "original": {
        "owner": "Aasim-A",
        "repo": "scrollEOF.nvim",
        "type": "github"
      }
    },
    "plugins-telescope-egrepify-nvim": {
      "flake": false,
      "locked": {
        "lastModified": 1706688430,
        "narHash": "sha256-6ClthSvXBYRNBVl40H4Dpob5CfhrrXjgdDFi5HQelJc=",
        "owner": "fdschmidt93",
        "repo": "telescope-egrepify.nvim",
        "rev": "728dc1b7f31297876c3a3254fc6108108b6a9e9d",
        "type": "github"
      },
      "original": {
        "owner": "fdschmidt93",
        "repo": "telescope-egrepify.nvim",
        "type": "github"
      }
    },
    "pre-commit-hooks": {
      "inputs": {
        "flake-compat": "flake-compat",
        "flake-utils": "flake-utils_2",
        "gitignore": "gitignore",
        "nixpkgs": [
          "faerber",
          "nixpkgs"
        ],
        "nixpkgs-stable": "nixpkgs-stable"
      },
      "locked": {
        "lastModified": 1677160285,
        "narHash": "sha256-tBzpCjMP+P3Y3nKLYvdBkXBg3KvTMo3gvi8tLQaqXVY=",
        "owner": "cachix",
        "repo": "pre-commit-hooks.nix",
        "rev": "2bd861ab81469428d9c823ef72c4bb08372dd2c4",
        "type": "github"
      },
      "original": {
        "owner": "cachix",
        "repo": "pre-commit-hooks.nix",
        "type": "github"
      }
    },
    "root": {
      "inputs": {
        "blocklist": "blocklist",
        "faerber": "faerber",
        "fenix": "fenix",
        "firefox-addons": "firefox-addons",
        "haumea": "haumea",
        "home-manager": "home-manager",
        "home-manager-stable": "home-manager-stable",
        "impermanence": "impermanence",
        "lix": "lix",
        "lix-module": "lix-module",
        "mint": "mint",
        "nix-index-database": "nix-index-database",
        "nix-matlab": "nix-matlab",
        "nixos-generators": "nixos-generators",
        "nixpkgs": "nixpkgs_4",
        "nixpkgs-stable": "nixpkgs-stable_2",
        "nixpkgs-unstable": "nixpkgs-unstable",
        "nvim-cats": "nvim-cats",
        "persist-retro": "persist-retro",
        "plasma-manager": "plasma-manager",
        "sops-nix": "sops-nix",
        "waveforms": "waveforms"
      }
    },
    "rust-analyzer-src": {
      "flake": false,
      "locked": {
        "lastModified": 1717583671,
        "narHash": "sha256-+lRAmz92CNUxorqWusgJbL9VE1eKCnQQojglRemzwkw=",
        "owner": "rust-lang",
        "repo": "rust-analyzer",
        "rev": "48bbdd6a74f3176987d5c809894ac33957000d19",
        "type": "github"
      },
      "original": {
        "owner": "rust-lang",
        "ref": "nightly",
        "repo": "rust-analyzer",
        "type": "github"
      }
    },
    "rust-overlay": {
      "inputs": {
        "flake-utils": "flake-utils_5",
        "nixpkgs": "nixpkgs_3"
      },
      "locked": {
        "lastModified": 1711851236,
        "narHash": "sha256-EJ03x3N9ihhonAttkaCrqxb0djDq3URCuDpmVPbNZhA=",
        "owner": "oxalica",
        "repo": "rust-overlay",
        "rev": "f258266af947599e8069df1c2e933189270f143a",
        "type": "github"
      },
      "original": {
        "owner": "oxalica",
        "repo": "rust-overlay",
        "type": "github"
      }
    },
    "sops-nix": {
      "inputs": {
        "nixpkgs": "nixpkgs_5",
        "nixpkgs-stable": "nixpkgs-stable_3"
      },
      "locked": {
        "lastModified": 1718506969,
        "narHash": "sha256-Pm9I/BMQHbsucdWf6y9G3xBZh3TMlThGo4KBbeoeczg=",
        "owner": "Mic92",
        "repo": "sops-nix",
        "rev": "797ce4c1f45a85df6dd3d9abdc53f2691bea9251",
        "type": "github"
      },
      "original": {
        "owner": "Mic92",
        "repo": "sops-nix",
        "type": "github"
      }
    },
    "systems": {
      "locked": {
        "lastModified": 1681028828,
        "narHash": "sha256-Vy1rq5AaRuLzOxct8nz4T6wlgyUR7zLU309k9mBC768=",
        "owner": "nix-systems",
        "repo": "default",
        "rev": "da67096a3b9bf56a91d16901293e51ba5b49a27e",
        "type": "github"
      },
      "original": {
        "owner": "nix-systems",
        "repo": "default",
        "type": "github"
      }
    },
    "systems_2": {
      "locked": {
        "lastModified": 1681028828,
        "narHash": "sha256-Vy1rq5AaRuLzOxct8nz4T6wlgyUR7zLU309k9mBC768=",
        "owner": "nix-systems",
        "repo": "default",
        "rev": "da67096a3b9bf56a91d16901293e51ba5b49a27e",
        "type": "github"
      },
      "original": {
        "owner": "nix-systems",
        "repo": "default",
        "type": "github"
      }
    },
    "systems_3": {
      "locked": {
        "lastModified": 1681028828,
        "narHash": "sha256-Vy1rq5AaRuLzOxct8nz4T6wlgyUR7zLU309k9mBC768=",
        "owner": "nix-systems",
        "repo": "default",
        "rev": "da67096a3b9bf56a91d16901293e51ba5b49a27e",
        "type": "github"
      },
      "original": {
        "owner": "nix-systems",
        "repo": "default",
        "type": "github"
      }
    },
    "treesitter-kanata": {
      "flake": false,
      "locked": {
        "lastModified": 1713627792,
        "narHash": "sha256-C1JEvaSJAwV/040KAjAK2aX+jdkIMVixr78c7jY0COU=",
        "owner": "postsolar",
        "repo": "tree-sitter-kanata",
        "rev": "a6213d06ea6efa432702bbbc6b4c5dcddc21df2a",
        "type": "github"
      },
      "original": {
        "owner": "postsolar",
        "repo": "tree-sitter-kanata",
        "type": "github"
      }
    },
    "waveforms": {
      "inputs": {
        "nixpkgs": [
          "nixpkgs"
        ]
      },
      "locked": {
        "lastModified": 1716229747,
        "narHash": "sha256-+0/cbSs7m1hoTjZjZCqdTf3+LZlMun9rjxzZJi3+tHY=",
        "owner": "liff",
        "repo": "waveforms-flake",
        "rev": "db549ac1a08d295142eeaabd4b62a339c81930ad",
        "type": "github"
      },
      "original": {
        "owner": "liff",
        "repo": "waveforms-flake",
        "type": "github"
      }
    }
  },
  "root": "root",
  "version": 7
}
